{
  "nodes": {
    "c3": {
      "inputs": {
        "flake-utils": [
          "flake-utils"
        ],
        "nixpkgs": [
          "nixpkgs"
        ]
      },
      "locked": {
        "lastModified": 1754484697,
        "narHash": "sha256-dDl9+Bfj4w+bFZC8OnXbNGOr61NyzrcEm/bnMTpdbe4=",
        "owner": "c3lang",
        "repo": "c3c",
        "rev": "1d25197bfda25b75ce88727cea0ad7cf4ace8157",
        "type": "github"
      },
      "original": {
        "owner": "c3lang",
        "repo": "c3c",
        "type": "github"
      }
    },
    "flake-utils": {
      "inputs": {
        "systems": "systems"
      },
      "locked": {
        "lastModified": 1731533236,
        "narHash": "sha256-l0KFg5HjrsfsO/JpG+r7fRrqm12kzFHyUHqHCVpMMbI=",
        "owner": "numtide",
        "repo": "flake-utils",
        "rev": "11707dc2f618dd54ca8739b309ec4fc024de578b",
        "type": "github"
      },
      "original": {
        "owner": "numtide",
        "repo": "flake-utils",
        "type": "github"
      }
    },
    "nixpkgs": {
      "locked": {
        "lastModified": 1754736763,
        "narHash": "sha256-YW1tv2Q2+uskv5qqjJlVZz9oMNNRsBNEIAalfLc+nhI=",
        "owner": "nixos",
        "repo": "nixpkgs",
        "rev": "1311b9c49fb6a26e0dfb6536ce3dd4a4243b4cca",
        "type": "github"
      },
      "original": {
        "owner": "nixos",
        "repo": "nixpkgs",
        "type": "github"
      }
    },
    "root": {
      "inputs": {
        "c3": "c3",
        "flake-utils": "flake-utils",
        "nixpkgs": "nixpkgs"
      }
    },
    "systems": {
      "locked": {
        "lastModified": 1681028828,
        "narHash": "sha256-Vy1rq5AaRuLzOxct8nz4T6wlgyUR7zLU309k9mBC768=",
        "owner": "nix-systems",
        "repo": "default",
        "rev": "da67096a3b9bf56a91d16901293e51ba5b49a27e",
        "type": "github"
      },
      "original": {
        "owner": "nix-systems",
        "repo": "default",
        "type": "github"
      }
    }
  },
  "root": "root",
  "version": 7
}
